
Microsoft Visual Studio Solution File, Format Version 12.00
# Visual Studio Version 17
VisualStudioVersion = 17.3.32929.385
MinimumVisualStudioVersion = 10.0.40219.1
Project("{9A19103F-16F7-4668-BE54-9A1E7A4F7556}") = "lista1", "C:\Users\10293\OneDrive\Desktop\lista1\lista1\lista1.csproj", "{5D6EC093-1F52-46A5-85FD-5499069B71C4}"
EndProject
Project("{9A19103F-16F7-4668-BE54-9A1E7A4F7556}") = "Lista2", "C:\Users\10293\OneDrive\Desktop\lista1\Lista2\Lista2.csproj", "{A2A89C81-FA1A-41F2-8F9E-85088C32D176}"
EndProject
Project("{FAE04EC0-301F-11D3-BF4B-00C04F79EFBC}") = "Lista3", "Lista3\Lista3.csproj", "{299E20A6-C79A-422E-BA4A-96D35D7EC1C3}"
EndProject
Global
	GlobalSection(SolutionConfigurationPlatforms) = preSolution
		Debug|Any CPU = Debug|Any CPU
		Release|Any CPU = Release|Any CPU
	EndGlobalSection
	GlobalSection(ProjectConfigurationPlatforms) = postSolution
		{5D6EC093-1F52-46A5-85FD-5499069B71C4}.Debug|Any CPU.ActiveCfg = Debug|Any CPU
		{5D6EC093-1F52-46A5-85FD-5499069B71C4}.Debug|Any CPU.Build.0 = Debug|Any CPU
		{5D6EC093-1F52-46A5-85FD-5499069B71C4}.Release|Any CPU.ActiveCfg = Release|Any CPU
		{5D6EC093-1F52-46A5-85FD-5499069B71C4}.Release|Any CPU.Build.0 = Release|Any CPU
		{A2A89C81-FA1A-41F2-8F9E-85088C32D176}.Debug|Any CPU.ActiveCfg = Debug|Any CPU
		{A2A89C81-FA1A-41F2-8F9E-85088C32D176}.Debug|Any CPU.Build.0 = Debug|Any CPU
		{A2A89C81-FA1A-41F2-8F9E-85088C32D176}.Release|Any CPU.ActiveCfg = Release|Any CPU
		{A2A89C81-FA1A-41F2-8F9E-85088C32D176}.Release|Any CPU.Build.0 = Release|Any CPU
		{299E20A6-C79A-422E-BA4A-96D35D7EC1C3}.Debug|Any CPU.ActiveCfg = Debug|Any CPU
		{299E20A6-C79A-422E-BA4A-96D35D7EC1C3}.Debug|Any CPU.Build.0 = Debug|Any CPU
		{299E20A6-C79A-422E-BA4A-96D35D7EC1C3}.Release|Any CPU.ActiveCfg = Release|Any CPU
		{299E20A6-C79A-422E-BA4A-96D35D7EC1C3}.Release|Any CPU.Build.0 = Release|Any CPU
	EndGlobalSection
	GlobalSection(SolutionProperties) = preSolution
		HideSolutionNode = FALSE
	EndGlobalSection
	GlobalSection(ExtensibilityGlobals) = postSolution
		SolutionGuid = {A460D714-1227-4EB7-83E0-FE063FC725A0}
	EndGlobalSection
EndGlobal
